
Microsoft Visual Studio Solution File, Format Version 12.00
Project("{FAE04EC0-301F-11D3-BF4B-00C04F79EFBC}") = "THD.ERP", "THD.ERP\THD.ERP.csproj", "{BC53BDE9-E3C5-47F2-885E-4DA1221C3A52}"
EndProject
Project("{FAE04EC0-301F-11D3-BF4B-00C04F79EFBC}") = "THD.ERP.DataAccessor", "THD.ERP.DataAccessor\THD.ERP.DataAccessor.csproj", "{716D3BE9-A056-47E2-B1E2-448F199C1546}"
EndProject
Project("{FAE04EC0-301F-11D3-BF4B-00C04F79EFBC}") = "THD.ERP.App", "THD.ERP.App\THD.ERP.App.csproj", "{3957A3C4-800D-4FD0-AE58-A27CCFADA9CB}"
EndProject
Project("{FAE04EC0-301F-11D3-BF4B-00C04F79EFBC}") = "THD.ERP.Infrastructure", "THD.ERP.Infrastructure\THD.ERP.Infrastructure.csproj", "{54C682B5-E125-4706-99F8-0D1D8ED06BD8}"
EndProject
Global
	GlobalSection(SolutionConfigurationPlatforms) = preSolution
		Debug|Any CPU = Debug|Any CPU
		Release|Any CPU = Release|Any CPU
	EndGlobalSection
	GlobalSection(ProjectConfigurationPlatforms) = postSolution
		{BC53BDE9-E3C5-47F2-885E-4DA1221C3A52}.Debug|Any CPU.ActiveCfg = Debug|Any CPU
		{BC53BDE9-E3C5-47F2-885E-4DA1221C3A52}.Debug|Any CPU.Build.0 = Debug|Any CPU
		{BC53BDE9-E3C5-47F2-885E-4DA1221C3A52}.Release|Any CPU.ActiveCfg = Release|Any CPU
		{BC53BDE9-E3C5-47F2-885E-4DA1221C3A52}.Release|Any CPU.Build.0 = Release|Any CPU
		{716D3BE9-A056-47E2-B1E2-448F199C1546}.Debug|Any CPU.ActiveCfg = Debug|Any CPU
		{716D3BE9-A056-47E2-B1E2-448F199C1546}.Debug|Any CPU.Build.0 = Debug|Any CPU
		{716D3BE9-A056-47E2-B1E2-448F199C1546}.Release|Any CPU.ActiveCfg = Release|Any CPU
		{716D3BE9-A056-47E2-B1E2-448F199C1546}.Release|Any CPU.Build.0 = Release|Any CPU
		{3957A3C4-800D-4FD0-AE58-A27CCFADA9CB}.Debug|Any CPU.ActiveCfg = Debug|Any CPU
		{3957A3C4-800D-4FD0-AE58-A27CCFADA9CB}.Debug|Any CPU.Build.0 = Debug|Any CPU
		{3957A3C4-800D-4FD0-AE58-A27CCFADA9CB}.Release|Any CPU.ActiveCfg = Release|Any CPU
		{3957A3C4-800D-4FD0-AE58-A27CCFADA9CB}.Release|Any CPU.Build.0 = Release|Any CPU
		{54C682B5-E125-4706-99F8-0D1D8ED06BD8}.Debug|Any CPU.ActiveCfg = Debug|Any CPU
		{54C682B5-E125-4706-99F8-0D1D8ED06BD8}.Debug|Any CPU.Build.0 = Debug|Any CPU
		{54C682B5-E125-4706-99F8-0D1D8ED06BD8}.Release|Any CPU.ActiveCfg = Release|Any CPU
		{54C682B5-E125-4706-99F8-0D1D8ED06BD8}.Release|Any CPU.Build.0 = Release|Any CPU
	EndGlobalSection
EndGlobal
